// !$*UTF8*$!
{
	archiveVersion = 1;
	classes = {
	};
	objectVersion = 77;
	objects = {

/* Begin PBXContainerItemProxy section */
		FC8E02362DFDCDEF00359F76 /* PBXContainerItemProxy */ = {
			isa = PBXContainerItemProxy;
			containerPortal = FC8E021F2DFDCDED00359F76 /* Project object */;
			proxyType = 1;
			remoteGlobalIDString = FC8E02262DFDCDED00359F76;
			remoteInfo = "Build a  Phonebook Application with SwiftUI";
		};
		FC8E02402DFDCDEF00359F76 /* PBXContainerItemProxy */ = {
			isa = PBXContainerItemProxy;
			containerPortal = FC8E021F2DFDCDED00359F76 /* Project object */;
			proxyType = 1;
			remoteGlobalIDString = FC8E02262DFDCDED00359F76;
			remoteInfo = "Build a  Phonebook Application with SwiftUI";
		};
/* End PBXContainerItemProxy section */

/* Begin PBXFileReference section */
		FC8E02272DFDCDED00359F76 /* Build a  Phonebook Application with SwiftUI.app */ = {isa = PBXFileReference; explicitFileType = wrapper.application; includeInIndex = 0; path = "Build a  Phonebook Application with SwiftUI.app"; sourceTree = BUILT_PRODUCTS_DIR; };
		FC8E02352DFDCDEF00359F76 /* Build a  Phonebook Application with SwiftUITests.xctest */ = {isa = PBXFileReference; explicitFileType = wrapper.cfbundle; includeInIndex = 0; path = "Build a  Phonebook Application with SwiftUITests.xctest"; sourceTree = BUILT_PRODUCTS_DIR; };
		FC8E023F2DFDCDEF00359F76 /* Build a  Phonebook Application with SwiftUIUITests.xctest */ = {isa = PBXFileReference; explicitFileType = wrapper.cfbundle; includeInIndex = 0; path = "Build a  Phonebook Application with SwiftUIUITests.xctest"; sourceTree = BUILT_PRODUCTS_DIR; };
/* End PBXFileReference section */

/* Begin PBXFileSystemSynchronizedRootGroup section */
		FC8E02292DFDCDED00359F76 /* Build a  Phonebook Application with SwiftUI */ = {
			isa = PBXFileSystemSynchronizedRootGroup;
			path = "Build a  Phonebook Application with SwiftUI";
			sourceTree = "<group>";
		};
		FC8E02382DFDCDEF00359F76 /* Build a  Phonebook Application with SwiftUITests */ = {
			isa = PBXFileSystemSynchronizedRootGroup;
			path = "Build a  Phonebook Application with SwiftUITests";
			sourceTree = "<group>";
		};
		FC8E02422DFDCDEF00359F76 /* Build a  Phonebook Application with SwiftUIUITests */ = {
			isa = PBXFileSystemSynchronizedRootGroup;
			path = "Build a  Phonebook Application with SwiftUIUITests";
			sourceTree = "<group>";
		};
/* End PBXFileSystemSynchronizedRootGroup section */

/* Begin PBXFrameworksBuildPhase section */
		FC8E02242DFDCDED00359F76 /* Frameworks */ = {
			isa = PBXFrameworksBuildPhase;
			buildActionMask = 2147483647;
			files = (
			);
			runOnlyForDeploymentPostprocessing = 0;
		};
		FC8E02322DFDCDEF00359F76 /* Frameworks */ = {
			isa = PBXFrameworksBuildPhase;
			buildActionMask = 2147483647;
			files = (
			);
			runOnlyForDeploymentPostprocessing = 0;
		};
		FC8E023C2DFDCDEF00359F76 /* Frameworks */ = {
			isa = PBXFrameworksBuildPhase;
			buildActionMask = 2147483647;
			files = (
			);
			runOnlyForDeploymentPostprocessing = 0;
		};
/* End PBXFrameworksBuildPhase section */

/* Begin PBXGroup section */
		FC8E021E2DFDCDED00359F76 = {
			isa = PBXGroup;
			children = (
				FC8E02292DFDCDED00359F76 /* Build a  Phonebook Application with SwiftUI */,
				FC8E02382DFDCDEF00359F76 /* Build a  Phonebook Application with SwiftUITests */,
				FC8E02422DFDCDEF00359F76 /* Build a  Phonebook Application with SwiftUIUITests */,
				FC8E02282DFDCDED00359F76 /* Products */,
			);
			sourceTree = "<group>";
		};
		FC8E02282DFDCDED00359F76 /* Products */ = {
			isa = PBXGroup;
			children = (
				FC8E02272DFDCDED00359F76 /* Build a  Phonebook Application with SwiftUI.app */,
				FC8E02352DFDCDEF00359F76 /* Build a  Phonebook Application with SwiftUITests.xctest */,
				FC8E023F2DFDCDEF00359F76 /* Build a  Phonebook Application with SwiftUIUITests.xctest */,
			);
			name = Products;
			sourceTree = "<group>";
		};
/* End PBXGroup section */

/* Begin PBXNativeTarget section */
		FC8E02262DFDCDED00359F76 /* Build a  Phonebook Application with SwiftUI */ = {
			isa = PBXNativeTarget;
			buildConfigurationList = FC8E02492DFDCDEF00359F76 /* Build configuration list for PBXNativeTarget "Build a  Phonebook Application with SwiftUI" */;
			buildPhases = (
				FC8E02232DFDCDED00359F76 /* Sources */,
				FC8E02242DFDCDED00359F76 /* Frameworks */,
				FC8E02252DFDCDED00359F76 /* Resources */,
			);
			buildRules = (
			);
			dependencies = (
			);
			fileSystemSynchronizedGroups = (
				FC8E02292DFDCDED00359F76 /* Build a  Phonebook Application with SwiftUI */,
			);
			name = "Build a  Phonebook Application with SwiftUI";
			packageProductDependencies = (
			);
			productName = "Build a  Phonebook Application with SwiftUI";
			productReference = FC8E02272DFDCDED00359F76 /* Build a  Phonebook Application with SwiftUI.app */;
			productType = "com.apple.product-type.application";
		};
		FC8E02342DFDCDEF00359F76 /* Build a  Phonebook Application with SwiftUITests */ = {
			isa = PBXNativeTarget;
			buildConfigurationList = FC8E024C2DFDCDEF00359F76 /* Build configuration list for PBXNativeTarget "Build a  Phonebook Application with SwiftUITests" */;
			buildPhases = (
				FC8E02312DFDCDEF00359F76 /* Sources */,
				FC8E02322DFDCDEF00359F76 /* Frameworks */,
				FC8E02332DFDCDEF00359F76 /* Resources */,
			);
			buildRules = (
			);
			dependencies = (
				FC8E02372DFDCDEF00359F76 /* PBXTargetDependency */,
			);
			fileSystemSynchronizedGroups = (
				FC8E02382DFDCDEF00359F76 /* Build a  Phonebook Application with SwiftUITests */,
			);
			name = "Build a  Phonebook Application with SwiftUITests";
			packageProductDependencies = (
			);
			productName = "Build a  Phonebook Application with SwiftUITests";
			productReference = FC8E02352DFDCDEF00359F76 /* Build a  Phonebook Application with SwiftUITests.xctest */;
			productType = "com.apple.product-type.bundle.unit-test";
		};
		FC8E023E2DFDCDEF00359F76 /* Build a  Phonebook Application with SwiftUIUITests */ = {
			isa = PBXNativeTarget;
			buildConfigurationList = FC8E024F2DFDCDEF00359F76 /* Build configuration list for PBXNativeTarget "Build a  Phonebook Application with SwiftUIUITests" */;
			buildPhases = (
				FC8E023B2DFDCDEF00359F76 /* Sources */,
				FC8E023C2DFDCDEF00359F76 /* Frameworks */,
				FC8E023D2DFDCDEF00359F76 /* Resources */,
			);
			buildRules = (
			);
			dependencies = (
				FC8E02412DFDCDEF00359F76 /* PBXTargetDependency */,
			);
			fileSystemSynchronizedGroups = (
				FC8E02422DFDCDEF00359F76 /* Build a  Phonebook Application with SwiftUIUITests */,
			);
			name = "Build a  Phonebook Application with SwiftUIUITests";
			packageProductDependencies = (
			);
			productName = "Build a  Phonebook Application with SwiftUIUITests";
			productReference = FC8E023F2DFDCDEF00359F76 /* Build a  Phonebook Application with SwiftUIUITests.xctest */;
			productType = "com.apple.product-type.bundle.ui-testing";
		};
/* End PBXNativeTarget section */

/* Begin PBXProject section */
		FC8E021F2DFDCDED00359F76 /* Project object */ = {
			isa = PBXProject;
			attributes = {
				BuildIndependentTargetsInParallel = 1;
				LastSwiftUpdateCheck = 1630;
				LastUpgradeCheck = 1630;
				TargetAttributes = {
					FC8E02262DFDCDED00359F76 = {
						CreatedOnToolsVersion = 16.3;
					};
					FC8E02342DFDCDEF00359F76 = {
						CreatedOnToolsVersion = 16.3;
						TestTargetID = FC8E02262DFDCDED00359F76;
					};
					FC8E023E2DFDCDEF00359F76 = {
						CreatedOnToolsVersion = 16.3;
						TestTargetID = FC8E02262DFDCDED00359F76;
					};
				};
			};
			buildConfigurationList = FC8E02222DFDCDED00359F76 /* Build configuration list for PBXProject "Build a  Phonebook Application with SwiftUI" */;
			developmentRegion = en;
			hasScannedForEncodings = 0;
			knownRegions = (
				en,
				Base,
			);
			mainGroup = FC8E021E2DFDCDED00359F76;
			minimizedProjectReferenceProxies = 1;
			preferredProjectObjectVersion = 77;
			productRefGroup = FC8E02282DFDCDED00359F76 /* Products */;
			projectDirPath = "";
			projectRoot = "";
			targets = (
				FC8E02262DFDCDED00359F76 /* Build a  Phonebook Application with SwiftUI */,
				FC8E02342DFDCDEF00359F76 /* Build a  Phonebook Application with SwiftUITests */,
				FC8E023E2DFDCDEF00359F76 /* Build a  Phonebook Application with SwiftUIUITests */,
			);
		};
/* End PBXProject section */

/* Begin PBXResourcesBuildPhase section */
		FC8E02252DFDCDED00359F76 /* Resources */ = {
			isa = PBXResourcesBuildPhase;
			buildActionMask = 2147483647;
			files = (
			);
			runOnlyForDeploymentPostprocessing = 0;
		};
		FC8E02332DFDCDEF00359F76 /* Resources */ = {
			isa = PBXResourcesBuildPhase;
			buildActionMask = 2147483647;
			files = (
			);
			runOnlyForDeploymentPostprocessing = 0;
		};
		FC8E023D2DFDCDEF00359F76 /* Resources */ = {
			isa = PBXResourcesBuildPhase;
			buildActionMask = 2147483647;
			files = (
			);
			runOnlyForDeploymentPostprocessing = 0;
		};
/* End PBXResourcesBuildPhase section */

/* Begin PBXSourcesBuildPhase section */
		FC8E02232DFDCDED00359F76 /* Sources */ = {
			isa = PBXSourcesBuildPhase;
			buildActionMask = 2147483647;
			files = (
			);
			runOnlyForDeploymentPostprocessing = 0;
		};
		FC8E02312DFDCDEF00359F76 /* Sources */ = {
			isa = PBXSourcesBuildPhase;
			buildActionMask = 2147483647;
			files = (
			);
			runOnlyForDeploymentPostprocessing = 0;
		};
		FC8E023B2DFDCDEF00359F76 /* Sources */ = {
			isa = PBXSourcesBuildPhase;
			buildActionMask = 2147483647;
			files = (
			);
			runOnlyForDeploymentPostprocessing = 0;
		};
/* End PBXSourcesBuildPhase section */

/* Begin PBXTargetDependency section */
		FC8E02372DFDCDEF00359F76 /* PBXTargetDependency */ = {
			isa = PBXTargetDependency;
			target = FC8E02262DFDCDED00359F76 /* Build a  Phonebook Application with SwiftUI */;
			targetProxy = FC8E02362DFDCDEF00359F76 /* PBXContainerItemProxy */;
		};
		FC8E02412DFDCDEF00359F76 /* PBXTargetDependency */ = {
			isa = PBXTargetDependency;
			target = FC8E02262DFDCDED00359F76 /* Build a  Phonebook Application with SwiftUI */;
			targetProxy = FC8E02402DFDCDEF00359F76 /* PBXContainerItemProxy */;
		};
/* End PBXTargetDependency section */

/* Begin XCBuildConfiguration section */
		FC8E02472DFDCDEF00359F76 /* Debug */ = {
			isa = XCBuildConfiguration;
			buildSettings = {
				ALWAYS_SEARCH_USER_PATHS = NO;
				ASSETCATALOG_COMPILER_GENERATE_SWIFT_ASSET_SYMBOL_EXTENSIONS = YES;
				CLANG_ANALYZER_NONNULL = YES;
				CLANG_ANALYZER_NUMBER_OBJECT_CONVERSION = YES_AGGRESSIVE;
				CLANG_CXX_LANGUAGE_STANDARD = "gnu++20";
				CLANG_ENABLE_MODULES = YES;
				CLANG_ENABLE_OBJC_ARC = YES;
				CLANG_ENABLE_OBJC_WEAK = YES;
				CLANG_WARN_BLOCK_CAPTURE_AUTORELEASING = YES;
				CLANG_WARN_BOOL_CONVERSION = YES;
				CLANG_WARN_COMMA = YES;
				CLANG_WARN_CONSTANT_CONVERSION = YES;
				CLANG_WARN_DEPRECATED_OBJC_IMPLEMENTATIONS = YES;
				CLANG_WARN_DIRECT_OBJC_ISA_USAGE = YES_ERROR;
				CLANG_WARN_DOCUMENTATION_COMMENTS = YES;
				CLANG_WARN_EMPTY_BODY = YES;
				CLANG_WARN_ENUM_CONVERSION = YES;
				CLANG_WARN_INFINITE_RECURSION = YES;
				CLANG_WARN_INT_CONVERSION = YES;
				CLANG_WARN_NON_LITERAL_NULL_CONVERSION = YES;
				CLANG_WARN_OBJC_IMPLICIT_RETAIN_SELF = YES;
				CLANG_WARN_OBJC_LITERAL_CONVERSION = YES;
				CLANG_WARN_OBJC_ROOT_CLASS = YES_ERROR;
				CLANG_WARN_QUOTED_INCLUDE_IN_FRAMEWORK_HEADER = YES;
				CLANG_WARN_RANGE_LOOP_ANALYSIS = YES;
				CLANG_WARN_STRICT_PROTOTYPES = YES;
				CLANG_WARN_SUSPICIOUS_MOVE = YES;
				CLANG_WARN_UNGUARDED_AVAILABILITY = YES_AGGRESSIVE;
				CLANG_WARN_UNREACHABLE_CODE = YES;
				CLANG_WARN__DUPLICATE_METHOD_MATCH = YES;
				COPY_PHASE_STRIP = NO;
				DEBUG_INFORMATION_FORMAT = dwarf;
				ENABLE_STRICT_OBJC_MSGSEND = YES;
				ENABLE_TESTABILITY = YES;
				ENABLE_USER_SCRIPT_SANDBOXING = YES;
				GCC_C_LANGUAGE_STANDARD = gnu17;
				GCC_DYNAMIC_NO_PIC = NO;
				GCC_NO_COMMON_BLOCKS = YES;
				GCC_OPTIMIZATION_LEVEL = 0;
				GCC_PREPROCESSOR_DEFINITIONS = (
					"DEBUG=1",
					"$(inherited)",
				);
				GCC_WARN_64_TO_32_BIT_CONVERSION = YES;
				GCC_WARN_ABOUT_RETURN_TYPE = YES_ERROR;
				GCC_WARN_UNDECLARED_SELECTOR = YES;
				GCC_WARN_UNINITIALIZED_AUTOS = YES_AGGRESSIVE;
				GCC_WARN_UNUSED_FUNCTION = YES;
				GCC_WARN_UNUSED_VARIABLE = YES;
				LOCALIZATION_PREFERS_STRING_CATALOGS = YES;
				MACOSX_DEPLOYMENT_TARGET = 15.4;
				MTL_ENABLE_DEBUG_INFO = INCLUDE_SOURCE;
				MTL_FAST_MATH = YES;
				ONLY_ACTIVE_ARCH = YES;
				SDKROOT = macosx;
				SWIFT_ACTIVE_COMPILATION_CONDITIONS = "DEBUG $(inherited)";
				SWIFT_OPTIMIZATION_LEVEL = "-Onone";
			};
			name = Debug;
		};
		FC8E02482DFDCDEF00359F76 /* Release */ = {
			isa = XCBuildConfiguration;
			buildSettings = {
				ALWAYS_SEARCH_USER_PATHS = NO;
				ASSETCATALOG_COMPILER_GENERATE_SWIFT_ASSET_SYMBOL_EXTENSIONS = YES;
				CLANG_ANALYZER_NONNULL = YES;
				CLANG_ANALYZER_NUMBER_OBJECT_CONVERSION = YES_AGGRESSIVE;
				CLANG_CXX_LANGUAGE_STANDARD = "gnu++20";
				CLANG_ENABLE_MODULES = YES;
				CLANG_ENABLE_OBJC_ARC = YES;
				CLANG_ENABLE_OBJC_WEAK = YES;
				CLANG_WARN_BLOCK_CAPTURE_AUTORELEASING = YES;
				CLANG_WARN_BOOL_CONVERSION = YES;
				CLANG_WARN_COMMA = YES;
				CLANG_WARN_CONSTANT_CONVERSION = YES;
				CLANG_WARN_DEPRECATED_OBJC_IMPLEMENTATIONS = YES;
				CLANG_WARN_DIRECT_OBJC_ISA_USAGE = YES_ERROR;
				CLANG_WARN_DOCUMENTATION_COMMENTS = YES;
				CLANG_WARN_EMPTY_BODY = YES;
				CLANG_WARN_ENUM_CONVERSION = YES;
				CLANG_WARN_INFINITE_RECURSION = YES;
				CLANG_WARN_INT_CONVERSION = YES;
				CLANG_WARN_NON_LITERAL_NULL_CONVERSION = YES;
				CLANG_WARN_OBJC_IMPLICIT_RETAIN_SELF = YES;
				CLANG_WARN_OBJC_LITERAL_CONVERSION = YES;
				CLANG_WARN_OBJC_ROOT_CLASS = YES_ERROR;
				CLANG_WARN_QUOTED_INCLUDE_IN_FRAMEWORK_HEADER = YES;
				CLANG_WARN_RANGE_LOOP_ANALYSIS = YES;
				CLANG_WARN_STRICT_PROTOTYPES = YES;
				CLANG_WARN_SUSPICIOUS_MOVE = YES;
				CLANG_WARN_UNGUARDED_AVAILABILITY = YES_AGGRESSIVE;
				CLANG_WARN_UNREACHABLE_CODE = YES;
				CLANG_WARN__DUPLICATE_METHOD_MATCH = YES;
				COPY_PHASE_STRIP = NO;
				DEBUG_INFORMATION_FORMAT = "dwarf-with-dsym";
				ENABLE_NS_ASSERTIONS = NO;
				ENABLE_STRICT_OBJC_MSGSEND = YES;
				ENABLE_USER_SCRIPT_SANDBOXING = YES;
				GCC_C_LANGUAGE_STANDARD = gnu17;
				GCC_NO_COMMON_BLOCKS = YES;
				GCC_WARN_64_TO_32_BIT_CONVERSION = YES;
				GCC_WARN_ABOUT_RETURN_TYPE = YES_ERROR;
				GCC_WARN_UNDECLARED_SELECTOR = YES;
				GCC_WARN_UNINITIALIZED_AUTOS = YES_AGGRESSIVE;
				GCC_WARN_UNUSED_FUNCTION = YES;
				GCC_WARN_UNUSED_VARIABLE = YES;
				LOCALIZATION_PREFERS_STRING_CATALOGS = YES;
				MACOSX_DEPLOYMENT_TARGET = 15.4;
				MTL_ENABLE_DEBUG_INFO = NO;
				MTL_FAST_MATH = YES;
				SDKROOT = macosx;
				SWIFT_COMPILATION_MODE = wholemodule;
			};
			name = Release;
		};
		FC8E024A2DFDCDEF00359F76 /* Debug */ = {
			isa = XCBuildConfiguration;
			buildSettings = {
				ASSETCATALOG_COMPILER_APPICON_NAME = AppIcon;
				ASSETCATALOG_COMPILER_GLOBAL_ACCENT_COLOR_NAME = AccentColor;
				CODE_SIGN_ENTITLEMENTS = "Build a  Phonebook Application with SwiftUI/Build_a__Phonebook_Application_with_SwiftUI.entitlements";
				CODE_SIGN_STYLE = Automatic;
				COMBINE_HIDPI_IMAGES = YES;
				CURRENT_PROJECT_VERSION = 1;
				ENABLE_PREVIEWS = YES;
				GENERATE_INFOPLIST_FILE = YES;
				INFOPLIST_KEY_NSHumanReadableCopyright = "";
				LD_RUNPATH_SEARCH_PATHS = (
					"$(inherited)",
					"@executable_path/../Frameworks",
				);
				MARKETING_VERSION = 1.0;
				PRODUCT_BUNDLE_IDENTIFIER = "Sudharaka.Build-a--Phonebook-Application-with-SwiftUI";
				PRODUCT_NAME = "$(TARGET_NAME)";
				REGISTER_APP_GROUPS = YES;
				SWIFT_EMIT_LOC_STRINGS = YES;
				SWIFT_VERSION = 5.0;
			};
			name = Debug;
		};
		FC8E024B2DFDCDEF00359F76 /* Release */ = {
			isa = XCBuildConfiguration;
			buildSettings = {
				ASSETCATALOG_COMPILER_APPICON_NAME = AppIcon;
				ASSETCATALOG_COMPILER_GLOBAL_ACCENT_COLOR_NAME = AccentColor;
				CODE_SIGN_ENTITLEMENTS = "Build a  Phonebook Application with SwiftUI/Build_a__Phonebook_Application_with_SwiftUI.entitlements";
				CODE_SIGN_STYLE = Automatic;
				COMBINE_HIDPI_IMAGES = YES;
				CURRENT_PROJECT_VERSION = 1;
				ENABLE_PREVIEWS = YES;
				GENERATE_INFOPLIST_FILE = YES;
				INFOPLIST_KEY_NSHumanReadableCopyright = "";
				LD_RUNPATH_SEARCH_PATHS = (
					"$(inherited)",
					"@executable_path/../Frameworks",
				);
				MARKETING_VERSION = 1.0;
				PRODUCT_BUNDLE_IDENTIFIER = "Sudharaka.Build-a--Phonebook-Application-with-SwiftUI";
				PRODUCT_NAME = "$(TARGET_NAME)";
				REGISTER_APP_GROUPS = YES;
				SWIFT_EMIT_LOC_STRINGS = YES;
				SWIFT_VERSION = 5.0;
			};
			name = Release;
		};
		FC8E024D2DFDCDEF00359F76 /* Debug */ = {
			isa = XCBuildConfiguration;
			buildSettings = {
				BUNDLE_LOADER = "$(TEST_HOST)";
				CODE_SIGN_STYLE = Automatic;
				CURRENT_PROJECT_VERSION = 1;
				GENERATE_INFOPLIST_FILE = YES;
				MACOSX_DEPLOYMENT_TARGET = 15.4;
				MARKETING_VERSION = 1.0;
				PRODUCT_BUNDLE_IDENTIFIER = "Sudharaka.Build-a--Phonebook-Application-with-SwiftUITests";
				PRODUCT_NAME = "$(TARGET_NAME)";
				SWIFT_EMIT_LOC_STRINGS = NO;
				SWIFT_VERSION = 5.0;
				TEST_HOST = "$(BUILT_PRODUCTS_DIR)/Build a  Phonebook Application with SwiftUI.app/$(BUNDLE_EXECUTABLE_FOLDER_PATH)/Build a  Phonebook Application with SwiftUI";
			};
			name = Debug;
		};
		FC8E024E2DFDCDEF00359F76 /* Release */ = {
			isa = XCBuildConfiguration;
			buildSettings = {
				BUNDLE_LOADER = "$(TEST_HOST)";
				CODE_SIGN_STYLE = Automatic;
				CURRENT_PROJECT_VERSION = 1;
				GENERATE_INFOPLIST_FILE = YES;
				MACOSX_DEPLOYMENT_TARGET = 15.4;
				MARKETING_VERSION = 1.0;
				PRODUCT_BUNDLE_IDENTIFIER = "Sudharaka.Build-a--Phonebook-Application-with-SwiftUITests";
				PRODUCT_NAME = "$(TARGET_NAME)";
				SWIFT_EMIT_LOC_STRINGS = NO;
				SWIFT_VERSION = 5.0;
				TEST_HOST = "$(BUILT_PRODUCTS_DIR)/Build a  Phonebook Application with SwiftUI.app/$(BUNDLE_EXECUTABLE_FOLDER_PATH)/Build a  Phonebook Application with SwiftUI";
			};
			name = Release;
		};
		FC8E02502DFDCDEF00359F76 /* Debug */ = {
			isa = XCBuildConfiguration;
			buildSettings = {
				CODE_SIGN_STYLE = Automatic;
				CURRENT_PROJECT_VERSION = 1;
				GENERATE_INFOPLIST_FILE = YES;
				MARKETING_VERSION = 1.0;
				PRODUCT_BUNDLE_IDENTIFIER = "Sudharaka.Build-a--Phonebook-Application-with-SwiftUIUITests";
				PRODUCT_NAME = "$(TARGET_NAME)";
				SWIFT_EMIT_LOC_STRINGS = NO;
				SWIFT_VERSION = 5.0;
				TEST_TARGET_NAME = "Build a  Phonebook Application with SwiftUI";
			};
			name = Debug;
		};
		FC8E02512DFDCDEF00359F76 /* Release */ = {
			isa = XCBuildConfiguration;
			buildSettings = {
				CODE_SIGN_STYLE = Automatic;
				CURRENT_PROJECT_VERSION = 1;
				GENERATE_INFOPLIST_FILE = YES;
				MARKETING_VERSION = 1.0;
				PRODUCT_BUNDLE_IDENTIFIER = "Sudharaka.Build-a--Phonebook-Application-with-SwiftUIUITests";
				PRODUCT_NAME = "$(TARGET_NAME)";
				SWIFT_EMIT_LOC_STRINGS = NO;
				SWIFT_VERSION = 5.0;
				TEST_TARGET_NAME = "Build a  Phonebook Application with SwiftUI";
			};
			name = Release;
		};
/* End XCBuildConfiguration section */

/* Begin XCConfigurationList section */
		FC8E02222DFDCDED00359F76 /* Build configuration list for PBXProject "Build a  Phonebook Application with SwiftUI" */ = {
			isa = XCConfigurationList;
			buildConfigurations = (
				FC8E02472DFDCDEF00359F76 /* Debug */,
				FC8E02482DFDCDEF00359F76 /* Release */,
			);
			defaultConfigurationIsVisible = 0;
			defaultConfigurationName = Release;
		};
		FC8E02492DFDCDEF00359F76 /* Build configuration list for PBXNativeTarget "Build a  Phonebook Application with SwiftUI" */ = {
			isa = XCConfigurationList;
			buildConfigurations = (
				FC8E024A2DFDCDEF00359F76 /* Debug */,
				FC8E024B2DFDCDEF00359F76 /* Release */,
			);
			defaultConfigurationIsVisible = 0;
			defaultConfigurationName = Release;
		};
		FC8E024C2DFDCDEF00359F76 /* Build configuration list for PBXNativeTarget "Build a  Phonebook Application with SwiftUITests" */ = {
			isa = XCConfigurationList;
			buildConfigurations = (
				FC8E024D2DFDCDEF00359F76 /* Debug */,
				FC8E024E2DFDCDEF00359F76 /* Release */,
			);
			defaultConfigurationIsVisible = 0;
			defaultConfigurationName = Release;
		};
		FC8E024F2DFDCDEF00359F76 /* Build configuration list for PBXNativeTarget "Build a  Phonebook Application with SwiftUIUITests" */ = {
			isa = XCConfigurationList;
			buildConfigurations = (
				FC8E02502DFDCDEF00359F76 /* Debug */,
				FC8E02512DFDCDEF00359F76 /* Release */,
			);
			defaultConfigurationIsVisible = 0;
			defaultConfigurationName = Release;
		};
/* End XCConfigurationList section */
	};
	rootObject = FC8E021F2DFDCDED00359F76 /* Project object */;
}
